Microsoft Visual Studio Solution File, Format Version 12.00
# Visual Studio Version 17
VisualStudioVersion = 17.5.2.0
MinimumVisualStudioVersion = 10.0.40219.1
Project("{FAE04EC0-301F-11D3-BF4B-00C04F79EFBC}") = "MurderMysteryParty", "MurderMysteryParty.csproj", "{97A81C52-B69F-0355-0229-CB8CA0DCB972}"
EndProject
Global
	GlobalSection(SolutionConfigurationPlatforms) = preSolution
		Debug|Any CPU = Debug|Any CPU
		Release|Any CPU = Release|Any CPU
	EndGlobalSection
	GlobalSection(ProjectConfigurationPlatforms) = postSolution
		{97A81C52-B69F-0355-0229-CB8CA0DCB972}.Debug|Any CPU.ActiveCfg = Debug|Any CPU
		{97A81C52-B69F-0355-0229-CB8CA0DCB972}.Debug|Any CPU.Build.0 = Debug|Any CPU
		{97A81C52-B69F-0355-0229-CB8CA0DCB972}.Release|Any CPU.ActiveCfg = Release|Any CPU
		{97A81C52-B69F-0355-0229-CB8CA0DCB972}.Release|Any CPU.Build.0 = Release|Any CPU
	EndGlobalSection
	GlobalSection(SolutionProperties) = preSolution
		HideSolutionNode = FALSE
	EndGlobalSection
	GlobalSection(ExtensibilityGlobals) = postSolution
		SolutionGuid = {21B1CF04-69D7-495F-A56E-7EDA72E11E0F}
	EndGlobalSection
EndGlobal
